
Microsoft Visual Studio Solution File, Format Version 12.00
# Visual Studio Version 16
VisualStudioVersion = 16.0.31112.23
MinimumVisualStudioVersion = 10.0.40219.1
Project("{FAE04EC0-301F-11D3-BF4B-00C04F79EFBC}") = "UndeadNightmare2", "UndeadNightmare2\UndeadNightmare2.csproj", "{962521EE-1C01-4AD6-8BDA-CF4AD4E877B4}"
EndProject
Global
	GlobalSection(SolutionConfigurationPlatforms) = preSolution
		Debug|Any CPU = Debug|Any CPU
		Debug|x64 = Debug|x64
		NativeGen|Any CPU = NativeGen|Any CPU
		NativeGen|x64 = NativeGen|x64
		Release|Any CPU = Release|Any CPU
		Release|x64 = Release|x64
	EndGlobalSection
	GlobalSection(ProjectConfigurationPlatforms) = postSolution
		{962521EE-1C01-4AD6-8BDA-CF4AD4E877B4}.Debug|Any CPU.ActiveCfg = Debug|Any CPU
		{962521EE-1C01-4AD6-8BDA-CF4AD4E877B4}.Debug|Any CPU.Build.0 = Debug|Any CPU
		{962521EE-1C01-4AD6-8BDA-CF4AD4E877B4}.Debug|x64.ActiveCfg = Debug|Any CPU
		{962521EE-1C01-4AD6-8BDA-CF4AD4E877B4}.Debug|x64.Build.0 = Debug|Any CPU
		{962521EE-1C01-4AD6-8BDA-CF4AD4E877B4}.NativeGen|Any CPU.ActiveCfg = Release|Any CPU
		{962521EE-1C01-4AD6-8BDA-CF4AD4E877B4}.NativeGen|Any CPU.Build.0 = Release|Any CPU
		{962521EE-1C01-4AD6-8BDA-CF4AD4E877B4}.NativeGen|x64.ActiveCfg = Release|Any CPU
		{962521EE-1C01-4AD6-8BDA-CF4AD4E877B4}.NativeGen|x64.Build.0 = Release|Any CPU
		{962521EE-1C01-4AD6-8BDA-CF4AD4E877B4}.Release|Any CPU.ActiveCfg = Release|Any CPU
		{962521EE-1C01-4AD6-8BDA-CF4AD4E877B4}.Release|Any CPU.Build.0 = Release|Any CPU
		{962521EE-1C01-4AD6-8BDA-CF4AD4E877B4}.Release|x64.ActiveCfg = Release|Any CPU
		{962521EE-1C01-4AD6-8BDA-CF4AD4E877B4}.Release|x64.Build.0 = Release|Any CPU
	EndGlobalSection
	GlobalSection(SolutionProperties) = preSolution
		HideSolutionNode = FALSE
	EndGlobalSection
	GlobalSection(ExtensibilityGlobals) = postSolution
		SolutionGuid = {FD7F7508-D8D5-4667-B4C9-EDDDB4C042C3}
	EndGlobalSection
EndGlobal
